
Microsoft Visual Studio Solution File, Format Version 12.00
# Visual Studio 15
VisualStudioVersion = 15.0.26430.12
MinimumVisualStudioVersion = 10.0.40219.1
Project("{FAE04EC0-301F-11D3-BF4B-00C04F79EFBC}") = "blog_web.test", "blog_web.test\blog_web.test.csproj", "{C75148D1-3210-4EC5-82D1-E086719DA88D}"
EndProject
Project("{FAE04EC0-301F-11D3-BF4B-00C04F79EFBC}") = "blog_web.test.Tests", "blog_web.test.Tests\blog_web.test.Tests.csproj", "{17DF16A8-65CD-43A6-92C0-E275B940B44A}"
	ProjectSection(ProjectDependencies) = postProject
		{115FFFAB-1A92-4E0B-908D-773E1223A36C} = {115FFFAB-1A92-4E0B-908D-773E1223A36C}
	EndProjectSection
EndProject
Project("{FAE04EC0-301F-11D3-BF4B-00C04F79EFBC}") = "blog_web.Domain", "blog_web.Domain\blog_web.Domain.csproj", "{115FFFAB-1A92-4E0B-908D-773E1223A36C}"
EndProject
Global
	GlobalSection(SolutionConfigurationPlatforms) = preSolution
		Debug|Any CPU = Debug|Any CPU
		Release|Any CPU = Release|Any CPU
	EndGlobalSection
	GlobalSection(ProjectConfigurationPlatforms) = postSolution
		{C75148D1-3210-4EC5-82D1-E086719DA88D}.Debug|Any CPU.ActiveCfg = Debug|Any CPU
		{C75148D1-3210-4EC5-82D1-E086719DA88D}.Debug|Any CPU.Build.0 = Debug|Any CPU
		{C75148D1-3210-4EC5-82D1-E086719DA88D}.Release|Any CPU.ActiveCfg = Release|Any CPU
		{C75148D1-3210-4EC5-82D1-E086719DA88D}.Release|Any CPU.Build.0 = Release|Any CPU
		{17DF16A8-65CD-43A6-92C0-E275B940B44A}.Debug|Any CPU.ActiveCfg = Debug|Any CPU
		{17DF16A8-65CD-43A6-92C0-E275B940B44A}.Debug|Any CPU.Build.0 = Debug|Any CPU
		{17DF16A8-65CD-43A6-92C0-E275B940B44A}.Release|Any CPU.ActiveCfg = Release|Any CPU
		{17DF16A8-65CD-43A6-92C0-E275B940B44A}.Release|Any CPU.Build.0 = Release|Any CPU
		{115FFFAB-1A92-4E0B-908D-773E1223A36C}.Debug|Any CPU.ActiveCfg = Debug|Any CPU
		{115FFFAB-1A92-4E0B-908D-773E1223A36C}.Debug|Any CPU.Build.0 = Debug|Any CPU
		{115FFFAB-1A92-4E0B-908D-773E1223A36C}.Release|Any CPU.ActiveCfg = Release|Any CPU
		{115FFFAB-1A92-4E0B-908D-773E1223A36C}.Release|Any CPU.Build.0 = Release|Any CPU
	EndGlobalSection
	GlobalSection(SolutionProperties) = preSolution
		HideSolutionNode = FALSE
	EndGlobalSection
EndGlobal
